
Microsoft Visual Studio Solution File, Format Version 12.00
# Visual Studio 2013
VisualStudioVersion = 12.0.30501.0
MinimumVisualStudioVersion = 10.0.40219.1
Project("{FAE04EC0-301F-11D3-BF4B-00C04F79EFBC}") = "LoginForm", "LoginForm\LoginForm.csproj", "{10744944-9A6F-43D8-B031-C6C61B887A34}"
EndProject
Project("{2150E333-8FDC-42A3-9474-1A3956D46DE8}") = ".nuget", ".nuget", "{E1F3E4E9-2365-49EC-86AB-CB173A15FE8E}"
	ProjectSection(SolutionItems) = preProject
		.nuget\NuGet.Config = .nuget\NuGet.Config
		.nuget\NuGet.exe = .nuget\NuGet.exe
		.nuget\NuGet.targets = .nuget\NuGet.targets
	EndProjectSection
EndProject
Global
	GlobalSection(SolutionConfigurationPlatforms) = preSolution
		Debug|Any CPU = Debug|Any CPU
		Release|Any CPU = Release|Any CPU
	EndGlobalSection
	GlobalSection(ProjectConfigurationPlatforms) = postSolution
		{10744944-9A6F-43D8-B031-C6C61B887A34}.Debug|Any CPU.ActiveCfg = Debug|Any CPU
		{10744944-9A6F-43D8-B031-C6C61B887A34}.Debug|Any CPU.Build.0 = Debug|Any CPU
		{10744944-9A6F-43D8-B031-C6C61B887A34}.Release|Any CPU.ActiveCfg = Release|Any CPU
		{10744944-9A6F-43D8-B031-C6C61B887A34}.Release|Any CPU.Build.0 = Release|Any CPU
	EndGlobalSection
	GlobalSection(SolutionProperties) = preSolution
		HideSolutionNode = FALSE
	EndGlobalSection
EndGlobal
